
Microsoft Visual Studio Solution File, Format Version 12.00
# Visual Studio Version 17
VisualStudioVersion = 17.14.36518.9 d17.14
MinimumVisualStudioVersion = 10.0.40219.1
Project("{FAE04EC0-301F-11D3-BF4B-00C04F79EFBC}") = "RetailShopApi", "RetailShopApi\RetailShopApi.csproj", "{D24DE0E1-FAF2-4DCB-A015-F04CA1F64191}"
EndProject
Global
	GlobalSection(SolutionConfigurationPlatforms) = preSolution
		Debug|Any CPU = Debug|Any CPU
		Release|Any CPU = Release|Any CPU
	EndGlobalSection
	GlobalSection(ProjectConfigurationPlatforms) = postSolution
		{D24DE0E1-FAF2-4DCB-A015-F04CA1F64191}.Debug|Any CPU.ActiveCfg = Debug|Any CPU
		{D24DE0E1-FAF2-4DCB-A015-F04CA1F64191}.Debug|Any CPU.Build.0 = Debug|Any CPU
		{D24DE0E1-FAF2-4DCB-A015-F04CA1F64191}.Release|Any CPU.ActiveCfg = Release|Any CPU
		{D24DE0E1-FAF2-4DCB-A015-F04CA1F64191}.Release|Any CPU.Build.0 = Release|Any CPU
	EndGlobalSection
	GlobalSection(SolutionProperties) = preSolution
		HideSolutionNode = FALSE
	EndGlobalSection
	GlobalSection(ExtensibilityGlobals) = postSolution
		SolutionGuid = {E4AF8549-EA1C-47C9-B37C-B9B1B8338F37}
	EndGlobalSection
EndGlobal
